{
  "sessao_ativa": false,
  "fim": "2026-04-23T08:57:00-03:00",
  "especialista_atual": null,
  "ultimo_especialista": "auditor",
  "proximo_especialista": null,
  "ciclo_id": "CICLO-2026-04-22-6",
  "veredicto": "APROVADO",
  "findings_criticos": 0,
  "findings_altos": 0,
  "versao_context": "2.0.0",
  "checksum": "sha256:bb6d1d5"
}
