{
  "versao": "1.3.0",
  "estrutura": "v4.1",
  "sessao_ativa": "active",
  "inicio": "2026-05-11T12:06:00Z",
  "especialista_atual": "orchestrator",
  "ultimo_especialista": "ui-review",
  "proximo_especialista": "frontend",
  "ciclo_id": "CICLO-2026-05-11-FASE1",
  "estagio_atual": 0,
  "veredicto": null,
  "findings_criticos": 0,
  "findings_altos": 0,
  "divergencias_api": 0,
  "checksum": "sha256:0"
}
